
Microsoft Visual Studio Solution File, Format Version 12.00
# Visual Studio Version 17
VisualStudioVersion = 17.4.33122.133
MinimumVisualStudioVersion = 10.0.40219.1
Project("{9A19103F-16F7-4668-BE54-9A1E7A4F7556}") = "HotelManagement.Domain", "HotelManagement.Domain\HotelManagement.Domain.csproj", "{6ACE2A2B-1242-4AA2-8D9E-B3ADAE6054AE}"
EndProject
Project("{9A19103F-16F7-4668-BE54-9A1E7A4F7556}") = "HotelManagement.Infrastructure", "HotelManagement.Infrastructure\HotelManagement.Infrastructure.csproj", "{10D4363E-AE5A-4627-A973-3B0A53C4D3B8}"
EndProject
Project("{9A19103F-16F7-4668-BE54-9A1E7A4F7556}") = "HotelManagement.Api", "HotelManagement.Api\HotelManagement.Api.csproj", "{725ED444-8C9B-4632-8C3C-A25773514E17}"
EndProject
Project("{FAE04EC0-301F-11D3-BF4B-00C04F79EFBC}") = "HotelManagement.Application", "HotelManagement.Application\HotelManagement.Application.csproj", "{593DF8D1-9E91-4F13-94E7-2984E1F2CE79}"
EndProject
Project("{FAE04EC0-301F-11D3-BF4B-00C04F79EFBC}") = "HotelManagement.SharedKernel", "HotelManagement.SharedKernel\HotelManagement.SharedKernel.csproj", "{3119079C-D76D-431F-A4E5-3631694BB8EE}"
EndProject
Global
	GlobalSection(SolutionConfigurationPlatforms) = preSolution
		Debug|Any CPU = Debug|Any CPU
		Release|Any CPU = Release|Any CPU
	EndGlobalSection
	GlobalSection(ProjectConfigurationPlatforms) = postSolution
		{6ACE2A2B-1242-4AA2-8D9E-B3ADAE6054AE}.Debug|Any CPU.ActiveCfg = Debug|Any CPU
		{6ACE2A2B-1242-4AA2-8D9E-B3ADAE6054AE}.Debug|Any CPU.Build.0 = Debug|Any CPU
		{6ACE2A2B-1242-4AA2-8D9E-B3ADAE6054AE}.Release|Any CPU.ActiveCfg = Release|Any CPU
		{6ACE2A2B-1242-4AA2-8D9E-B3ADAE6054AE}.Release|Any CPU.Build.0 = Release|Any CPU
		{10D4363E-AE5A-4627-A973-3B0A53C4D3B8}.Debug|Any CPU.ActiveCfg = Debug|Any CPU
		{10D4363E-AE5A-4627-A973-3B0A53C4D3B8}.Debug|Any CPU.Build.0 = Debug|Any CPU
		{10D4363E-AE5A-4627-A973-3B0A53C4D3B8}.Release|Any CPU.ActiveCfg = Release|Any CPU
		{10D4363E-AE5A-4627-A973-3B0A53C4D3B8}.Release|Any CPU.Build.0 = Release|Any CPU
		{725ED444-8C9B-4632-8C3C-A25773514E17}.Debug|Any CPU.ActiveCfg = Debug|Any CPU
		{725ED444-8C9B-4632-8C3C-A25773514E17}.Debug|Any CPU.Build.0 = Debug|Any CPU
		{725ED444-8C9B-4632-8C3C-A25773514E17}.Release|Any CPU.ActiveCfg = Release|Any CPU
		{725ED444-8C9B-4632-8C3C-A25773514E17}.Release|Any CPU.Build.0 = Release|Any CPU
		{593DF8D1-9E91-4F13-94E7-2984E1F2CE79}.Debug|Any CPU.ActiveCfg = Debug|Any CPU
		{593DF8D1-9E91-4F13-94E7-2984E1F2CE79}.Debug|Any CPU.Build.0 = Debug|Any CPU
		{593DF8D1-9E91-4F13-94E7-2984E1F2CE79}.Release|Any CPU.ActiveCfg = Release|Any CPU
		{593DF8D1-9E91-4F13-94E7-2984E1F2CE79}.Release|Any CPU.Build.0 = Release|Any CPU
		{3119079C-D76D-431F-A4E5-3631694BB8EE}.Debug|Any CPU.ActiveCfg = Debug|Any CPU
		{3119079C-D76D-431F-A4E5-3631694BB8EE}.Debug|Any CPU.Build.0 = Debug|Any CPU
		{3119079C-D76D-431F-A4E5-3631694BB8EE}.Release|Any CPU.ActiveCfg = Release|Any CPU
		{3119079C-D76D-431F-A4E5-3631694BB8EE}.Release|Any CPU.Build.0 = Release|Any CPU
	EndGlobalSection
	GlobalSection(SolutionProperties) = preSolution
		HideSolutionNode = FALSE
	EndGlobalSection
	GlobalSection(ExtensibilityGlobals) = postSolution
		SolutionGuid = {294281E8-7AB7-48F5-83C4-530D1E0EF1AC}
	EndGlobalSection
EndGlobal
